
Microsoft Visual Studio Solution File, Format Version 12.00
# Visual Studio 15
VisualStudioVersion = 15.0.28307.489
MinimumVisualStudioVersion = 10.0.40219.1
Project("{FAE04EC0-301F-11D3-BF4B-00C04F79EFBC}") = "CSF.EqualityRules", "CSF.EqualityRules\CSF.EqualityRules.csproj", "{1315B643-AB27-45FA-B966-291E5C5DA871}"
EndProject
Global
	GlobalSection(SolutionConfigurationPlatforms) = preSolution
		Debug|Any CPU = Debug|Any CPU
		Release|Any CPU = Release|Any CPU
	EndGlobalSection
	GlobalSection(ProjectConfigurationPlatforms) = postSolution
		{1315B643-AB27-45FA-B966-291E5C5DA871}.Debug|Any CPU.ActiveCfg = Debug|Any CPU
		{1315B643-AB27-45FA-B966-291E5C5DA871}.Debug|Any CPU.Build.0 = Debug|Any CPU
		{1315B643-AB27-45FA-B966-291E5C5DA871}.Release|Any CPU.ActiveCfg = Release|Any CPU
		{1315B643-AB27-45FA-B966-291E5C5DA871}.Release|Any CPU.Build.0 = Release|Any CPU
	EndGlobalSection
	GlobalSection(SolutionProperties) = preSolution
		HideSolutionNode = FALSE
	EndGlobalSection
	GlobalSection(ExtensibilityGlobals) = postSolution
		SolutionGuid = {79534D7C-1D57-4955-AC71-B18FCAD3316A}
	EndGlobalSection
EndGlobal
